{
  "name": "valuefy1",
  "version": "0.0.1",
  "lockfileVersion": 1,
  "requires": true,
  "dependencies": {
    "sharedevent": {
      "version": "file:../../dist/sharedevent",
      "requires": {
        "rxjs": "^6.5.2",
        "rxjs-compat": "^6.5.2",
        "tslib": "^1.9.0"
      },
      "dependencies": {
        "rxjs": {
          "version": "6.5.2",
          "bundled": true,
          "requires": {
            "tslib": "^1.9.0"
          }
        },
        "rxjs-compat": {
          "version": "6.5.2",
          "bundled": true
        },
        "tslib": {
          "version": "1.10.0",
          "bundled": true
        }
      }
    }
  }
}
